<?xml version="1.0" encoding="utf-8"?>
<Project ToolsVersion="4.0" xmlns="http://schemas.microsoft.com/developer/msbuild/2003">
  <ItemGroup>
    <ClCompile Include="Admin.cpp" />
    <ClCompile Include="AdminListOrders.cpp" />
    <ClCompile Include="Adminlogin.cpp" />
    <ClCompile Include="AdminMain.cpp" />
    <ClCompile Include="AdminShowOrders.cpp" />
    <ClCompile Include="Cart.cpp" />
    <ClCompile Include="CartItem.cpp" />
    <ClCompile Include="Category.cpp" />
    <ClCompile Include="Employee.cpp" />
    <ClCompile Include="Feedback.cpp" />
    <ClCompile Include="FileManager.cpp" />
    <ClCompile Include="HomePage.cpp" />
    <ClCompile Include="Human.cpp" />
    <ClCompile Include="listitem.cpp" />
    <ClCompile Include="Main.cpp" />
    <ClCompile Include="Menu.cpp" />
    <ClCompile Include="MenuCategory.cpp" />
    <ClCompile Include="MenuFrom.cpp" />
    <ClCompile Include="MenuItem.cpp" />
    <ClCompile Include="MyForm.cpp" />
    <ClCompile Include="ObjectsGetter.cpp" />
    <ClCompile Include="Order.cpp" />
    <ClCompile Include="OrderItem.cpp" />
    <ClCompile Include="Restaurant.cpp" />
    <ClCompile Include="User.cpp" />
    <ClCompile Include="Userlogin.cpp" />
    <ClCompile Include="Variation.cpp" />
    <ClCompile Include="AdminCheckItemsQuantity.cpp" />
  </ItemGroup>
  <ItemGroup>
    <ClInclude Include="Admin.h" />
    <ClInclude Include="AdminListOrders.h" />
    <ClInclude Include="Adminlogin.h" />
    <ClInclude Include="AdminMain.h" />
    <ClInclude Include="AdminShowOrders.h" />
    <ClInclude Include="Cart.h" />
    <ClInclude Include="CartItem.h" />
    <ClInclude Include="Category.h" />
    <ClInclude Include="Employee.h" />
    <ClInclude Include="Feedback.h" />
    <ClInclude Include="FileManager.h" />
    <ClInclude Include="HomePage.h" />
    <ClInclude Include="Human.h" />
    <ClInclude Include="json.hpp" />
    <ClInclude Include="listitem.h" />
    <ClInclude Include="Main.h" />
    <ClInclude Include="MenuCategory.h" />
    <ClInclude Include="MenuFrom.h" />
    <ClInclude Include="MyForm.h" />
    <ClInclude Include="ObjectsGetter.h" />
    <ClInclude Include="Order.h" />
    <ClInclude Include="OrderItem.h" />
    <ClInclude Include="Restaurant.h" />
    <ClInclude Include="User.h" />
    <ClInclude Include="Userlogin.h" />
    <ClInclude Include="Variation.h" />
    <ClInclude Include="MenuItemM.h" />
    <ClInclude Include="Menuu.h" />
    <ClInclude Include="AdminCheckItemsQuantity.h" />
  </ItemGroup>
  <ItemGroup>
    <EmbeddedResource Include="AdminListOrders.resx" />
    <EmbeddedResource Include="Adminlogin.resx" />
    <EmbeddedResource Include="AdminMain.resx" />
    <EmbeddedResource Include="AdminShowOrders.resx" />
    <EmbeddedResource Include="HomePage.resx" />
    <EmbeddedResource Include="listitem.resx" />
    <EmbeddedResource Include="Main.resx" />
    <EmbeddedResource Include="MenuFrom.resx" />
    <EmbeddedResource Include="MyForm.resx" />
    <EmbeddedResource Include="Userlogin.resx" />
  </ItemGroup>
</Project>